
Microsoft Visual Studio Solution File, Format Version 12.00
# Visual Studio Version 17
VisualStudioVersion = 17.2.32630.192
MinimumVisualStudioVersion = 10.0.40219.1
Project("{9A19103F-16F7-4668-BE54-9A1E7A4F7556}") = "D8S.Y0002.Construction", "D8S.Y0002.Construction\D8S.Y0002.Construction.csproj", "{232F0D96-24D9-4CCB-88D7-90A70BB5DF72}"
EndProject
Project("{9A19103F-16F7-4668-BE54-9A1E7A4F7556}") = "D8S.Y0002", "D8S.Y0002\D8S.Y0002.csproj", "{1FFB59B7-BF42-433A-AA81-A61F69177900}"
EndProject
Global
	GlobalSection(SolutionConfigurationPlatforms) = preSolution
		Debug|Any CPU = Debug|Any CPU
		Release|Any CPU = Release|Any CPU
	EndGlobalSection
	GlobalSection(ProjectConfigurationPlatforms) = postSolution
		{232F0D96-24D9-4CCB-88D7-90A70BB5DF72}.Debug|Any CPU.ActiveCfg = Debug|Any CPU
		{232F0D96-24D9-4CCB-88D7-90A70BB5DF72}.Debug|Any CPU.Build.0 = Debug|Any CPU
		{232F0D96-24D9-4CCB-88D7-90A70BB5DF72}.Release|Any CPU.ActiveCfg = Release|Any CPU
		{232F0D96-24D9-4CCB-88D7-90A70BB5DF72}.Release|Any CPU.Build.0 = Release|Any CPU
		{1FFB59B7-BF42-433A-AA81-A61F69177900}.Debug|Any CPU.ActiveCfg = Debug|Any CPU
		{1FFB59B7-BF42-433A-AA81-A61F69177900}.Debug|Any CPU.Build.0 = Debug|Any CPU
		{1FFB59B7-BF42-433A-AA81-A61F69177900}.Release|Any CPU.ActiveCfg = Release|Any CPU
		{1FFB59B7-BF42-433A-AA81-A61F69177900}.Release|Any CPU.Build.0 = Release|Any CPU
	EndGlobalSection
	GlobalSection(SolutionProperties) = preSolution
		HideSolutionNode = FALSE
	EndGlobalSection
	GlobalSection(ExtensibilityGlobals) = postSolution
		SolutionGuid = {68B836B0-6772-40FD-97B2-32661EB096A1}
	EndGlobalSection
EndGlobal
