
Microsoft Visual Studio Solution File, Format Version 12.00
# Visual Studio Version 17
VisualStudioVersion = 17.2.32630.192
MinimumVisualStudioVersion = 10.0.40219.1
Project("{9A19103F-16F7-4668-BE54-9A1E7A4F7556}") = "D8S.Y0002.Construction", "D8S.Y0002.Construction\D8S.Y0002.Construction.csproj", "{288D899E-2DAB-45CD-9EB1-E46B0E3FBEDA}"
EndProject
Project("{9A19103F-16F7-4668-BE54-9A1E7A4F7556}") = "D8S.Y0002", "D8S.Y0002\D8S.Y0002.csproj", "{87C0D233-3FCC-426F-9CD8-B1FC0279CDF1}"
EndProject
Global
	GlobalSection(SolutionConfigurationPlatforms) = preSolution
		Debug|Any CPU = Debug|Any CPU
		Release|Any CPU = Release|Any CPU
	EndGlobalSection
	GlobalSection(ProjectConfigurationPlatforms) = postSolution
		{288D899E-2DAB-45CD-9EB1-E46B0E3FBEDA}.Debug|Any CPU.ActiveCfg = Debug|Any CPU
		{288D899E-2DAB-45CD-9EB1-E46B0E3FBEDA}.Debug|Any CPU.Build.0 = Debug|Any CPU
		{288D899E-2DAB-45CD-9EB1-E46B0E3FBEDA}.Release|Any CPU.ActiveCfg = Release|Any CPU
		{288D899E-2DAB-45CD-9EB1-E46B0E3FBEDA}.Release|Any CPU.Build.0 = Release|Any CPU
		{87C0D233-3FCC-426F-9CD8-B1FC0279CDF1}.Debug|Any CPU.ActiveCfg = Debug|Any CPU
		{87C0D233-3FCC-426F-9CD8-B1FC0279CDF1}.Debug|Any CPU.Build.0 = Debug|Any CPU
		{87C0D233-3FCC-426F-9CD8-B1FC0279CDF1}.Release|Any CPU.ActiveCfg = Release|Any CPU
		{87C0D233-3FCC-426F-9CD8-B1FC0279CDF1}.Release|Any CPU.Build.0 = Release|Any CPU
	EndGlobalSection
	GlobalSection(SolutionProperties) = preSolution
		HideSolutionNode = FALSE
	EndGlobalSection
	GlobalSection(ExtensibilityGlobals) = postSolution
		SolutionGuid = {EDB85DB2-6761-4DE0-ABAC-480CDACEBACA}
	EndGlobalSection
EndGlobal
